
Microsoft Visual Studio Solution File, Format Version 12.00
# Visual Studio Version 16
VisualStudioVersion = 16.0.29613.14
MinimumVisualStudioVersion = 10.0.40219.1
Project("{8BC9CEB8-8B4A-11D0-8D11-00A0C91BC942}") = "EasyTcpServer", "EasyTcpServer\EasyTcpServer.vcxproj", "{B3B36EC4-6499-40CB-BE77-A49BBB345EB6}"
EndProject
Project("{8BC9CEB8-8B4A-11D0-8D11-00A0C91BC942}") = "EasyTcpClient", "EasyTcpClient\EasyTcpClient.vcxproj", "{ED40F540-51F9-4E4C-B2DC-FC459AB95114}"
EndProject
Global
	GlobalSection(SolutionConfigurationPlatforms) = preSolution
		Debug|x64 = Debug|x64
		Debug|x86 = Debug|x86
		Release|x64 = Release|x64
		Release|x86 = Release|x86
	EndGlobalSection
	GlobalSection(ProjectConfigurationPlatforms) = postSolution
		{B3B36EC4-6499-40CB-BE77-A49BBB345EB6}.Debug|x64.ActiveCfg = Debug|x64
		{B3B36EC4-6499-40CB-BE77-A49BBB345EB6}.Debug|x64.Build.0 = Debug|x64
		{B3B36EC4-6499-40CB-BE77-A49BBB345EB6}.Debug|x86.ActiveCfg = Debug|Win32
		{B3B36EC4-6499-40CB-BE77-A49BBB345EB6}.Debug|x86.Build.0 = Debug|Win32
		{B3B36EC4-6499-40CB-BE77-A49BBB345EB6}.Release|x64.ActiveCfg = Release|x64
		{B3B36EC4-6499-40CB-BE77-A49BBB345EB6}.Release|x64.Build.0 = Release|x64
		{B3B36EC4-6499-40CB-BE77-A49BBB345EB6}.Release|x86.ActiveCfg = Release|Win32
		{B3B36EC4-6499-40CB-BE77-A49BBB345EB6}.Release|x86.Build.0 = Release|Win32
		{ED40F540-51F9-4E4C-B2DC-FC459AB95114}.Debug|x64.ActiveCfg = Debug|x64
		{ED40F540-51F9-4E4C-B2DC-FC459AB95114}.Debug|x64.Build.0 = Debug|x64
		{ED40F540-51F9-4E4C-B2DC-FC459AB95114}.Debug|x86.ActiveCfg = Debug|Win32
		{ED40F540-51F9-4E4C-B2DC-FC459AB95114}.Debug|x86.Build.0 = Debug|Win32
		{ED40F540-51F9-4E4C-B2DC-FC459AB95114}.Release|x64.ActiveCfg = Release|x64
		{ED40F540-51F9-4E4C-B2DC-FC459AB95114}.Release|x64.Build.0 = Release|x64
		{ED40F540-51F9-4E4C-B2DC-FC459AB95114}.Release|x86.ActiveCfg = Release|Win32
		{ED40F540-51F9-4E4C-B2DC-FC459AB95114}.Release|x86.Build.0 = Release|Win32
	EndGlobalSection
	GlobalSection(SolutionProperties) = preSolution
		HideSolutionNode = FALSE
	EndGlobalSection
	GlobalSection(ExtensibilityGlobals) = postSolution
		SolutionGuid = {94564D29-8673-4A72-95E9-2A59E331D0A0}
	EndGlobalSection
EndGlobal
